
Microsoft Visual Studio Solution File, Format Version 12.00
# Visual Studio Version 17
VisualStudioVersion = 17.2.32630.192
MinimumVisualStudioVersion = 10.0.40219.1
Project("{9A19103F-16F7-4668-BE54-9A1E7A4F7556}") = "CPEFinalProject", "CPEFinalProject\CPEFinalProject.csproj", "{C827CB2C-5D58-40BC-8492-2A80795C7A31}"
EndProject
Global
	GlobalSection(SolutionConfigurationPlatforms) = preSolution
		Debug|Any CPU = Debug|Any CPU
		Release|Any CPU = Release|Any CPU
	EndGlobalSection
	GlobalSection(ProjectConfigurationPlatforms) = postSolution
		{C827CB2C-5D58-40BC-8492-2A80795C7A31}.Debug|Any CPU.ActiveCfg = Debug|Any CPU
		{C827CB2C-5D58-40BC-8492-2A80795C7A31}.Debug|Any CPU.Build.0 = Debug|Any CPU
		{C827CB2C-5D58-40BC-8492-2A80795C7A31}.Release|Any CPU.ActiveCfg = Release|Any CPU
		{C827CB2C-5D58-40BC-8492-2A80795C7A31}.Release|Any CPU.Build.0 = Release|Any CPU
	EndGlobalSection
	GlobalSection(SolutionProperties) = preSolution
		HideSolutionNode = FALSE
	EndGlobalSection
	GlobalSection(ExtensibilityGlobals) = postSolution
		SolutionGuid = {C0EE64FA-1BFE-4248-BEA4-F40CB80D7CAD}
	EndGlobalSection
EndGlobal
